{
  "version": 4,
  "terraform_version": "1.10.5",
  "serial": 132,
  "lineage": "8705208e-4777-5b90-e455-7407724f7b4d",
  "outputs": {
    "rds_instance_arn": {
      "value": "arn:aws:rds:us-west-1:060795946302:db:prj03db",
      "type": "string"
    },
    "rds_instance_public_ip": {
      "value": "prj03db.cha2woco0an7.us-west-1.rds.amazonaws.com",
      "type": "string"
    }
  },
  "resources": [
    {
      "mode": "managed",
      "type": "aws_db_instance",
      "name": "postgres",
      "provider": "provider[\"registry.terraform.io/hashicorp/aws\"]",
      "instances": [
        {
          "schema_version": 2,
          "attributes": {
            "address": "prj03db.cha2woco0an7.us-west-1.rds.amazonaws.com",
            "allocated_storage": 20,
            "allow_major_version_upgrade": null,
            "apply_immediately": false,
            "arn": "arn:aws:rds:us-west-1:060795946302:db:prj03db",
            "auto_minor_version_upgrade": true,
            "availability_zone": "us-west-1c",
            "backup_retention_period": 0,
            "backup_target": "region",
            "backup_window": "06:05-06:35",
            "blue_green_update": [],
            "ca_cert_identifier": "rds-ca-rsa2048-g1",
            "character_set_name": "",
            "copy_tags_to_snapshot": false,
            "custom_iam_instance_profile": "",
            "customer_owned_ip_enabled": false,
            "database_insights_mode": "standard",
            "db_name": "",
            "db_subnet_group_name": "default",
            "dedicated_log_volume": false,
            "delete_automated_backups": true,
            "deletion_protection": false,
            "domain": "",
            "domain_auth_secret_arn": "",
            "domain_dns_ips": null,
            "domain_fqdn": "",
            "domain_iam_role_name": "",
            "domain_ou": "",
            "enabled_cloudwatch_logs_exports": null,
            "endpoint": "prj03db.cha2woco0an7.us-west-1.rds.amazonaws.com:5432",
            "engine": "postgres",
            "engine_lifecycle_support": "open-source-rds-extended-support",
            "engine_version": "17.2",
            "engine_version_actual": "17.2",
            "final_snapshot_identifier": null,
            "hosted_zone_id": "Z10WI91S59XXQN",
            "iam_database_authentication_enabled": false,
            "id": "db-AXDH5GNLETXINWEG2T3YXOZDXE",
            "identifier": "prj03db",
            "identifier_prefix": "",
            "instance_class": "db.t3.micro",
            "iops": 0,
            "kms_key_id": "",
            "latest_restorable_time": "",
            "license_model": "postgresql-license",
            "listener_endpoint": [],
            "maintenance_window": "sun:10:20-sun:10:50",
            "manage_master_user_password": null,
            "master_user_secret": [],
            "master_user_secret_kms_key_id": null,
            "max_allocated_storage": 0,
            "monitoring_interval": 0,
            "monitoring_role_arn": "",
            "multi_az": false,
            "nchar_character_set_name": "",
            "network_type": "IPV4",
            "option_group_name": "default:postgres-17",
            "parameter_group_name": "default.postgres17",
            "password": "dsml3850",
            "password_wo": null,
            "password_wo_version": null,
            "performance_insights_enabled": false,
            "performance_insights_kms_key_id": "",
            "performance_insights_retention_period": 0,
            "port": 5432,
            "publicly_accessible": true,
            "replica_mode": "",
            "replicas": [],
            "replicate_source_db": "",
            "resource_id": "db-AXDH5GNLETXINWEG2T3YXOZDXE",
            "restore_to_point_in_time": [],
            "s3_import": [],
            "skip_final_snapshot": true,
            "snapshot_identifier": null,
            "status": "available",
            "storage_encrypted": false,
            "storage_throughput": 0,
            "storage_type": "gp2",
            "tags": null,
            "tags_all": {},
            "timeouts": null,
            "timezone": "",
            "upgrade_storage_config": null,
            "username": "postgres",
            "vpc_security_group_ids": [
              "sg-097f6bc44c35bf8f0"
            ]
          },
          "sensitive_attributes": [
            [
              {
                "type": "get_attr",
                "value": "password_wo"
              }
            ],
            [
              {
                "type": "get_attr",
                "value": "password"
              }
            ]
          ],
          "private": "eyJlMmJmYjczMC1lY2FhLTExZTYtOGY4OC0zNDM2M2JjN2M0YzAiOnsiY3JlYXRlIjozMDAwMDAwMDAwMDAwLCJkZWxldGUiOjM2MDAwMDAwMDAwMDAsInVwZGF0ZSI6NDgwMDAwMDAwMDAwMH0sInNjaGVtYV92ZXJzaW9uIjoiMiJ9",
          "dependencies": [
            "aws_security_group.postgres_sg"
          ]
        }
      ]
    },
    {
      "mode": "managed",
      "type": "aws_db_subnet_group",
      "name": "default",
      "provider": "provider[\"registry.terraform.io/hashicorp/aws\"]",
      "instances": [
        {
          "schema_version": 0,
          "attributes": {
            "arn": "arn:aws:rds:us-west-1:060795946302:subgrp:postgres-subnet-group",
            "description": "Managed by Terraform",
            "id": "postgres-subnet-group",
            "name": "postgres-subnet-group",
            "name_prefix": "",
            "subnet_ids": [
              "subnet-06b351bb99568a2fd",
              "subnet-0dc0cd03904142911"
            ],
            "supported_network_types": [
              "IPV4"
            ],
            "tags": {
              "Name": "Postgres DB subnet group"
            },
            "tags_all": {
              "Name": "Postgres DB subnet group"
            },
            "vpc_id": "vpc-02153249c434071a2"
          },
          "sensitive_attributes": [],
          "private": "bnVsbA=="
        }
      ]
    },
    {
      "mode": "managed",
      "type": "aws_security_group",
      "name": "postgres_sg",
      "provider": "provider[\"registry.terraform.io/hashicorp/aws\"]",
      "instances": [
        {
          "schema_version": 1,
          "attributes": {
            "arn": "arn:aws:ec2:us-west-1:060795946302:security-group/sg-097f6bc44c35bf8f0",
            "description": "Allow PostgreSQL access from web app",
            "egress": [
              {
                "cidr_blocks": [
                  "0.0.0.0/0"
                ],
                "description": "",
                "from_port": 0,
                "ipv6_cidr_blocks": [],
                "prefix_list_ids": [],
                "protocol": "-1",
                "security_groups": [],
                "self": false,
                "to_port": 0
              }
            ],
            "id": "sg-097f6bc44c35bf8f0",
            "ingress": [],
            "name": "postgres_sg",
            "name_prefix": "",
            "owner_id": "060795946302",
            "revoke_rules_on_delete": false,
            "tags": null,
            "tags_all": {},
            "timeouts": null,
            "vpc_id": "vpc-02153249c434071a2"
          },
          "sensitive_attributes": [],
          "private": "eyJlMmJmYjczMC1lY2FhLTExZTYtOGY4OC0zNDM2M2JjN2M0YzAiOnsiY3JlYXRlIjo2MDAwMDAwMDAwMDAsImRlbGV0ZSI6OTAwMDAwMDAwMDAwfSwic2NoZW1hX3ZlcnNpb24iOiIxIn0="
        }
      ]
    },
    {
      "mode": "managed",
      "type": "aws_security_group",
      "name": "prj_03_sg",
      "provider": "provider[\"registry.terraform.io/hashicorp/aws\"]",
      "instances": [
        {
          "schema_version": 1,
          "attributes": {
            "arn": "arn:aws:ec2:us-west-1:060795946302:security-group/sg-00d4768a257998697",
            "description": "Allow TCP 5000 for web app",
            "egress": [
              {
                "cidr_blocks": [
                  "0.0.0.0/0"
                ],
                "description": "",
                "from_port": 0,
                "ipv6_cidr_blocks": [],
                "prefix_list_ids": [],
                "protocol": "-1",
                "security_groups": [],
                "self": false,
                "to_port": 0
              }
            ],
            "id": "sg-00d4768a257998697",
            "ingress": [
              {
                "cidr_blocks": [
                  "0.0.0.0/0"
                ],
                "description": "Allow HTTP traffic on port 5000",
                "from_port": 5000,
                "ipv6_cidr_blocks": [],
                "prefix_list_ids": [],
                "protocol": "tcp",
                "security_groups": [],
                "self": false,
                "to_port": 5000
              }
            ],
            "name": "prj_03_sg",
            "name_prefix": "",
            "owner_id": "060795946302",
            "revoke_rules_on_delete": false,
            "tags": {
              "Name": "prj_03_sg"
            },
            "tags_all": {
              "Name": "prj_03_sg"
            },
            "timeouts": null,
            "vpc_id": "vpc-02153249c434071a2"
          },
          "sensitive_attributes": [],
          "private": "eyJlMmJmYjczMC1lY2FhLTExZTYtOGY4OC0zNDM2M2JjN2M0YzAiOnsiY3JlYXRlIjo2MDAwMDAwMDAwMDAsImRlbGV0ZSI6OTAwMDAwMDAwMDAwfSwic2NoZW1hX3ZlcnNpb24iOiIxIn0="
        }
      ]
    },
    {
      "mode": "managed",
      "type": "aws_security_group_rule",
      "name": "postgres_ingress",
      "provider": "provider[\"registry.terraform.io/hashicorp/aws\"]",
      "instances": [
        {
          "schema_version": 2,
          "attributes": {
            "cidr_blocks": null,
            "description": null,
            "from_port": 5432,
            "id": "sgrule-4109844195",
            "ipv6_cidr_blocks": null,
            "prefix_list_ids": null,
            "protocol": "tcp",
            "security_group_id": "sg-097f6bc44c35bf8f0",
            "security_group_rule_id": "sgr-02188410f6b3e20e3",
            "self": false,
            "source_security_group_id": "sg-00d4768a257998697",
            "timeouts": null,
            "to_port": 5432,
            "type": "ingress"
          },
          "sensitive_attributes": [],
          "private": "eyJlMmJmYjczMC1lY2FhLTExZTYtOGY4OC0zNDM2M2JjN2M0YzAiOnsiY3JlYXRlIjozMDAwMDAwMDAwMDB9LCJzY2hlbWFfdmVyc2lvbiI6IjIifQ==",
          "dependencies": [
            "aws_security_group.postgres_sg",
            "aws_security_group.prj_03_sg"
          ]
        }
      ]
    }
  ],
  "check_results": null
}
